// !$*UTF8*$!
{
	archiveVersion = 1;
	classes = {
	};
	objectVersion = 46;
	objects = {

/* Begin PBXBuildFile section */
		DB2FD92B1B7813CB00236FCC /* StopsHeaderView.swift in Sources */ = {isa = PBXBuildFile; fileRef = DB2FD92A1B7813CB00236FCC /* StopsHeaderView.swift */; };
		DB310BA61B7A08EB00EFDC76 /* StopAnnotation.swift in Sources */ = {isa = PBXBuildFile; fileRef = DB310BA51B7A08EB00EFDC76 /* StopAnnotation.swift */; };
		DB310BA81B7B3F5A00EFDC76 /* Extensions.swift in Sources */ = {isa = PBXBuildFile; fileRef = DB310BA71B7B3F5A00EFDC76 /* Extensions.swift */; };
		DB4081441B7625E300AA8BB7 /* StopsTableViewController.swift in Sources */ = {isa = PBXBuildFile; fileRef = DB4081431B7625E300AA8BB7 /* StopsTableViewController.swift */; };
		DB5D57941B74C90700BCA2C3 /* AppDelegate.swift in Sources */ = {isa = PBXBuildFile; fileRef = DB5D57931B74C90700BCA2C3 /* AppDelegate.swift */; };
		DB5D57971B74C90700BCA2C3 /* here.xcdatamodeld in Sources */ = {isa = PBXBuildFile; fileRef = DB5D57951B74C90700BCA2C3 /* here.xcdatamodeld */; };
		DB5D57991B74C90700BCA2C3 /* MasterViewController.swift in Sources */ = {isa = PBXBuildFile; fileRef = DB5D57981B74C90700BCA2C3 /* MasterViewController.swift */; };
		DB5D579B1B74C90700BCA2C3 /* DetailViewController.swift in Sources */ = {isa = PBXBuildFile; fileRef = DB5D579A1B74C90700BCA2C3 /* DetailViewController.swift */; };
		DB5D579E1B74C90700BCA2C3 /* Main.storyboard in Resources */ = {isa = PBXBuildFile; fileRef = DB5D579C1B74C90700BCA2C3 /* Main.storyboard */; };
		DB5D57A01B74C90700BCA2C3 /* Images.xcassets in Resources */ = {isa = PBXBuildFile; fileRef = DB5D579F1B74C90700BCA2C3 /* Images.xcassets */; };
		DB5D57A31B74C90700BCA2C3 /* LaunchScreen.xib in Resources */ = {isa = PBXBuildFile; fileRef = DB5D57A11B74C90700BCA2C3 /* LaunchScreen.xib */; };
		DB5D57AF1B74C90700BCA2C3 /* hereTests.swift in Sources */ = {isa = PBXBuildFile; fileRef = DB5D57AE1B74C90700BCA2C3 /* hereTests.swift */; };
		DB5D57BA1B74D51800BCA2C3 /* Protocols.swift in Sources */ = {isa = PBXBuildFile; fileRef = DB5D57B91B74D51800BCA2C3 /* Protocols.swift */; };
		DB5D57BD1B74D7F600BCA2C3 /* Itinerary.swift in Sources */ = {isa = PBXBuildFile; fileRef = DB5D57BC1B74D7F600BCA2C3 /* Itinerary.swift */; };
		DB64CB541B7D15BB00BE94AB /* Localizable.strings in Resources */ = {isa = PBXBuildFile; fileRef = DB64CB561B7D15BB00BE94AB /* Localizable.strings */; };
		DB80044D1B75097200A7F5FB /* ItineraryViewController.swift in Sources */ = {isa = PBXBuildFile; fileRef = DB80044C1B75097200A7F5FB /* ItineraryViewController.swift */; };
		DBDE05141B774252007B599A /* there.framework in Frameworks */ = {isa = PBXBuildFile; fileRef = DBDE05131B774252007B599A /* there.framework */; };
		DBDE05171B77F48C007B599A /* LocationCell.swift in Sources */ = {isa = PBXBuildFile; fileRef = DBDE05161B77F48C007B599A /* LocationCell.swift */; };
		DBEB212A1B74D9F3001F17E5 /* ManagedObject.swift in Sources */ = {isa = PBXBuildFile; fileRef = DBEB21291B74D9F3001F17E5 /* ManagedObject.swift */; };
		DBEB212E1B74EB85001F17E5 /* Stop.swift in Sources */ = {isa = PBXBuildFile; fileRef = DBEB212D1B74EB85001F17E5 /* Stop.swift */; };
/* End PBXBuildFile section */

/* Begin PBXContainerItemProxy section */
		DB5D57A91B74C90700BCA2C3 /* PBXContainerItemProxy */ = {
			isa = PBXContainerItemProxy;
			containerPortal = DB5D57861B74C90700BCA2C3 /* Project object */;
			proxyType = 1;
			remoteGlobalIDString = DB5D578D1B74C90700BCA2C3;
			remoteInfo = here;
		};
/* End PBXContainerItemProxy section */

/* Begin PBXFileReference section */
		DB2FD92A1B7813CB00236FCC /* StopsHeaderView.swift */ = {isa = PBXFileReference; fileEncoding = 4; lastKnownFileType = sourcecode.swift; path = StopsHeaderView.swift; sourceTree = "<group>"; };
		DB310BA51B7A08EB00EFDC76 /* StopAnnotation.swift */ = {isa = PBXFileReference; fileEncoding = 4; lastKnownFileType = sourcecode.swift; path = StopAnnotation.swift; sourceTree = "<group>"; };
		DB310BA71B7B3F5A00EFDC76 /* Extensions.swift */ = {isa = PBXFileReference; fileEncoding = 4; lastKnownFileType = sourcecode.swift; path = Extensions.swift; sourceTree = "<group>"; };
		DB4081431B7625E300AA8BB7 /* StopsTableViewController.swift */ = {isa = PBXFileReference; fileEncoding = 4; lastKnownFileType = sourcecode.swift; path = StopsTableViewController.swift; sourceTree = "<group>"; };
		DB5D578E1B74C90700BCA2C3 /* here.app */ = {isa = PBXFileReference; explicitFileType = wrapper.application; includeInIndex = 0; path = here.app; sourceTree = BUILT_PRODUCTS_DIR; };
		DB5D57921B74C90700BCA2C3 /* Info.plist */ = {isa = PBXFileReference; lastKnownFileType = text.plist.xml; path = Info.plist; sourceTree = "<group>"; };
		DB5D57931B74C90700BCA2C3 /* AppDelegate.swift */ = {isa = PBXFileReference; lastKnownFileType = sourcecode.swift; path = AppDelegate.swift; sourceTree = "<group>"; };
		DB5D57961B74C90700BCA2C3 /* here.xcdatamodel */ = {isa = PBXFileReference; lastKnownFileType = wrapper.xcdatamodel; path = here.xcdatamodel; sourceTree = "<group>"; };
		DB5D57981B74C90700BCA2C3 /* MasterViewController.swift */ = {isa = PBXFileReference; lastKnownFileType = sourcecode.swift; path = MasterViewController.swift; sourceTree = "<group>"; };
		DB5D579A1B74C90700BCA2C3 /* DetailViewController.swift */ = {isa = PBXFileReference; lastKnownFileType = sourcecode.swift; path = DetailViewController.swift; sourceTree = "<group>"; };
		DB5D579D1B74C90700BCA2C3 /* Base */ = {isa = PBXFileReference; lastKnownFileType = file.storyboard; name = Base; path = Base.lproj/Main.storyboard; sourceTree = "<group>"; };
		DB5D579F1B74C90700BCA2C3 /* Images.xcassets */ = {isa = PBXFileReference; lastKnownFileType = folder.assetcatalog; path = Images.xcassets; sourceTree = "<group>"; };
		DB5D57A21B74C90700BCA2C3 /* Base */ = {isa = PBXFileReference; lastKnownFileType = file.xib; name = Base; path = Base.lproj/LaunchScreen.xib; sourceTree = "<group>"; };
		DB5D57A81B74C90700BCA2C3 /* hereTests.xctest */ = {isa = PBXFileReference; explicitFileType = wrapper.cfbundle; includeInIndex = 0; path = hereTests.xctest; sourceTree = BUILT_PRODUCTS_DIR; };
		DB5D57AD1B74C90700BCA2C3 /* Info.plist */ = {isa = PBXFileReference; lastKnownFileType = text.plist.xml; path = Info.plist; sourceTree = "<group>"; };
		DB5D57AE1B74C90700BCA2C3 /* hereTests.swift */ = {isa = PBXFileReference; lastKnownFileType = sourcecode.swift; path = hereTests.swift; sourceTree = "<group>"; };
		DB5D57B91B74D51800BCA2C3 /* Protocols.swift */ = {isa = PBXFileReference; fileEncoding = 4; lastKnownFileType = sourcecode.swift; path = Protocols.swift; sourceTree = "<group>"; };
		DB5D57BC1B74D7F600BCA2C3 /* Itinerary.swift */ = {isa = PBXFileReference; fileEncoding = 4; lastKnownFileType = sourcecode.swift; path = Itinerary.swift; sourceTree = "<group>"; };
		DB64CB4D1B7D111F00BE94AB /* en */ = {isa = PBXFileReference; lastKnownFileType = text.plist.strings; name = en; path = en.lproj/Main.strings; sourceTree = "<group>"; };
		DB64CB4E1B7D114100BE94AB /* it */ = {isa = PBXFileReference; lastKnownFileType = text.plist.strings; name = it; path = it.lproj/Main.strings; sourceTree = "<group>"; };
		DB64CB4F1B7D114100BE94AB /* it */ = {isa = PBXFileReference; lastKnownFileType = text.plist.strings; name = it; path = it.lproj/LaunchScreen.strings; sourceTree = "<group>"; };
		DB64CB501B7D114E00BE94AB /* ru */ = {isa = PBXFileReference; lastKnownFileType = text.plist.strings; name = ru; path = ru.lproj/Main.strings; sourceTree = "<group>"; };
		DB64CB511B7D114F00BE94AB /* ru */ = {isa = PBXFileReference; lastKnownFileType = text.plist.strings; name = ru; path = ru.lproj/LaunchScreen.strings; sourceTree = "<group>"; };
		DB64CB551B7D15BB00BE94AB /* Base */ = {isa = PBXFileReference; lastKnownFileType = text.plist.strings; name = Base; path = Base.lproj/Localizable.strings; sourceTree = "<group>"; };
		DB64CB571B7D15BE00BE94AB /* en */ = {isa = PBXFileReference; lastKnownFileType = text.plist.strings; name = en; path = en.lproj/Localizable.strings; sourceTree = "<group>"; };
		DB64CB581B7D15BF00BE94AB /* it */ = {isa = PBXFileReference; lastKnownFileType = text.plist.strings; name = it; path = it.lproj/Localizable.strings; sourceTree = "<group>"; };
		DB64CB591B7D15C000BE94AB /* ru */ = {isa = PBXFileReference; lastKnownFileType = text.plist.strings; name = ru; path = ru.lproj/Localizable.strings; sourceTree = "<group>"; };
		DB80044C1B75097200A7F5FB /* ItineraryViewController.swift */ = {isa = PBXFileReference; fileEncoding = 4; lastKnownFileType = sourcecode.swift; path = ItineraryViewController.swift; sourceTree = "<group>"; };
		DBDE05131B774252007B599A /* there.framework */ = {isa = PBXFileReference; lastKnownFileType = wrapper.framework; name = there.framework; path = "../../there/build/Debug-iphoneos/there.framework"; sourceTree = "<group>"; };
		DBDE05161B77F48C007B599A /* LocationCell.swift */ = {isa = PBXFileReference; fileEncoding = 4; lastKnownFileType = sourcecode.swift; path = LocationCell.swift; sourceTree = "<group>"; };
		DBEB21291B74D9F3001F17E5 /* ManagedObject.swift */ = {isa = PBXFileReference; fileEncoding = 4; lastKnownFileType = sourcecode.swift; path = ManagedObject.swift; sourceTree = "<group>"; };
		DBEB212D1B74EB85001F17E5 /* Stop.swift */ = {isa = PBXFileReference; fileEncoding = 4; lastKnownFileType = sourcecode.swift; path = Stop.swift; sourceTree = "<group>"; };
/* End PBXFileReference section */

/* Begin PBXFrameworksBuildPhase section */
		DB5D578B1B74C90700BCA2C3 /* Frameworks */ = {
			isa = PBXFrameworksBuildPhase;
			buildActionMask = 2147483647;
			files = (
				DBDE05141B774252007B599A /* there.framework in Frameworks */,
			);
			runOnlyForDeploymentPostprocessing = 0;
		};
		DB5D57A51B74C90700BCA2C3 /* Frameworks */ = {
			isa = PBXFrameworksBuildPhase;
			buildActionMask = 2147483647;
			files = (
			);
			runOnlyForDeploymentPostprocessing = 0;
		};
/* End PBXFrameworksBuildPhase section */

/* Begin PBXGroup section */
		DB4081421B7625BE00AA8BB7 /* stop */ = {
			isa = PBXGroup;
			children = (
				DB4081431B7625E300AA8BB7 /* StopsTableViewController.swift */,
				DBDE05161B77F48C007B599A /* LocationCell.swift */,
				DB2FD92A1B7813CB00236FCC /* StopsHeaderView.swift */,
				DB310BA51B7A08EB00EFDC76 /* StopAnnotation.swift */,
			);
			name = stop;
			sourceTree = "<group>";
		};
		DB5D57851B74C90700BCA2C3 = {
			isa = PBXGroup;
			children = (
				DB5D57901B74C90700BCA2C3 /* here */,
				DB5D57AB1B74C90700BCA2C3 /* hereTests */,
				DB5D578F1B74C90700BCA2C3 /* Products */,
			);
			sourceTree = "<group>";
		};
		DB5D578F1B74C90700BCA2C3 /* Products */ = {
			isa = PBXGroup;
			children = (
				DB5D578E1B74C90700BCA2C3 /* here.app */,
				DB5D57A81B74C90700BCA2C3 /* hereTests.xctest */,
			);
			name = Products;
			sourceTree = "<group>";
		};
		DB5D57901B74C90700BCA2C3 /* here */ = {
			isa = PBXGroup;
			children = (
				DBDE05151B77425D007B599A /* frameworks */,
				DB80044A1B75092F00A7F5FB /* ui */,
				DB5D57BB1B74D7E500BCA2C3 /* model */,
				DB5D57B81B74D4C200BCA2C3 /* misc */,
				DB5D57931B74C90700BCA2C3 /* AppDelegate.swift */,
				DB5D57981B74C90700BCA2C3 /* MasterViewController.swift */,
				DB5D579A1B74C90700BCA2C3 /* DetailViewController.swift */,
				DB5D579C1B74C90700BCA2C3 /* Main.storyboard */,
				DB5D579F1B74C90700BCA2C3 /* Images.xcassets */,
				DB5D57A11B74C90700BCA2C3 /* LaunchScreen.xib */,
				DB5D57951B74C90700BCA2C3 /* here.xcdatamodeld */,
				DB5D57911B74C90700BCA2C3 /* Supporting Files */,
			);
			path = here;
			sourceTree = "<group>";
		};
		DB5D57911B74C90700BCA2C3 /* Supporting Files */ = {
			isa = PBXGroup;
			children = (
				DB5D57921B74C90700BCA2C3 /* Info.plist */,
				DB64CB561B7D15BB00BE94AB /* Localizable.strings */,
			);
			name = "Supporting Files";
			sourceTree = "<group>";
		};
		DB5D57AB1B74C90700BCA2C3 /* hereTests */ = {
			isa = PBXGroup;
			children = (
				DB5D57AE1B74C90700BCA2C3 /* hereTests.swift */,
				DB5D57AC1B74C90700BCA2C3 /* Supporting Files */,
			);
			path = hereTests;
			sourceTree = "<group>";
		};
		DB5D57AC1B74C90700BCA2C3 /* Supporting Files */ = {
			isa = PBXGroup;
			children = (
				DB5D57AD1B74C90700BCA2C3 /* Info.plist */,
			);
			name = "Supporting Files";
			sourceTree = "<group>";
		};
		DB5D57B81B74D4C200BCA2C3 /* misc */ = {
			isa = PBXGroup;
			children = (
				DB5D57B91B74D51800BCA2C3 /* Protocols.swift */,
				DB310BA71B7B3F5A00EFDC76 /* Extensions.swift */,
			);
			name = misc;
			sourceTree = "<group>";
		};
		DB5D57BB1B74D7E500BCA2C3 /* model */ = {
			isa = PBXGroup;
			children = (
				DB5D57BC1B74D7F600BCA2C3 /* Itinerary.swift */,
				DBEB212D1B74EB85001F17E5 /* Stop.swift */,
				DBEB21291B74D9F3001F17E5 /* ManagedObject.swift */,
			);
			name = model;
			sourceTree = "<group>";
		};
		DB80044A1B75092F00A7F5FB /* ui */ = {
			isa = PBXGroup;
			children = (
				DB4081421B7625BE00AA8BB7 /* stop */,
				DB80044B1B75093B00A7F5FB /* itinerary */,
			);
			name = ui;
			sourceTree = "<group>";
		};
		DB80044B1B75093B00A7F5FB /* itinerary */ = {
			isa = PBXGroup;
			children = (
				DB80044C1B75097200A7F5FB /* ItineraryViewController.swift */,
			);
			name = itinerary;
			sourceTree = "<group>";
		};
		DBDE05151B77425D007B599A /* frameworks */ = {
			isa = PBXGroup;
			children = (
				DBDE05131B774252007B599A /* there.framework */,
			);
			name = frameworks;
			sourceTree = "<group>";
		};
/* End PBXGroup section */

/* Begin PBXNativeTarget section */
		DB5D578D1B74C90700BCA2C3 /* here */ = {
			isa = PBXNativeTarget;
			buildConfigurationList = DB5D57B21B74C90700BCA2C3 /* Build configuration list for PBXNativeTarget "here" */;
			buildPhases = (
				DB5D578A1B74C90700BCA2C3 /* Sources */,
				DB5D578B1B74C90700BCA2C3 /* Frameworks */,
				DB5D578C1B74C90700BCA2C3 /* Resources */,
			);
			buildRules = (
			);
			dependencies = (
			);
			name = here;
			productName = here;
			productReference = DB5D578E1B74C90700BCA2C3 /* here.app */;
			productType = "com.apple.product-type.application";
		};
		DB5D57A71B74C90700BCA2C3 /* hereTests */ = {
			isa = PBXNativeTarget;
			buildConfigurationList = DB5D57B51B74C90700BCA2C3 /* Build configuration list for PBXNativeTarget "hereTests" */;
			buildPhases = (
				DB5D57A41B74C90700BCA2C3 /* Sources */,
				DB5D57A51B74C90700BCA2C3 /* Frameworks */,
				DB5D57A61B74C90700BCA2C3 /* Resources */,
			);
			buildRules = (
			);
			dependencies = (
				DB5D57AA1B74C90700BCA2C3 /* PBXTargetDependency */,
			);
			name = hereTests;
			productName = hereTests;
			productReference = DB5D57A81B74C90700BCA2C3 /* hereTests.xctest */;
			productType = "com.apple.product-type.bundle.unit-test";
		};
/* End PBXNativeTarget section */

/* Begin PBXProject section */
		DB5D57861B74C90700BCA2C3 /* Project object */ = {
			isa = PBXProject;
			attributes = {
				LastUpgradeCheck = 0640;
				ORGANIZATIONNAME = "Alloc Init";
				TargetAttributes = {
					DB5D578D1B74C90700BCA2C3 = {
						CreatedOnToolsVersion = 6.4;
					};
					DB5D57A71B74C90700BCA2C3 = {
						CreatedOnToolsVersion = 6.4;
						TestTargetID = DB5D578D1B74C90700BCA2C3;
					};
				};
			};
			buildConfigurationList = DB5D57891B74C90700BCA2C3 /* Build configuration list for PBXProject "here" */;
			compatibilityVersion = "Xcode 3.2";
			developmentRegion = English;
			hasScannedForEncodings = 0;
			knownRegions = (
				en,
				Base,
				it,
				ru,
			);
			mainGroup = DB5D57851B74C90700BCA2C3;
			productRefGroup = DB5D578F1B74C90700BCA2C3 /* Products */;
			projectDirPath = "";
			projectRoot = "";
			targets = (
				DB5D578D1B74C90700BCA2C3 /* here */,
				DB5D57A71B74C90700BCA2C3 /* hereTests */,
			);
		};
/* End PBXProject section */

/* Begin PBXResourcesBuildPhase section */
		DB5D578C1B74C90700BCA2C3 /* Resources */ = {
			isa = PBXResourcesBuildPhase;
			buildActionMask = 2147483647;
			files = (
				DB5D579E1B74C90700BCA2C3 /* Main.storyboard in Resources */,
				DB64CB541B7D15BB00BE94AB /* Localizable.strings in Resources */,
				DB5D57A31B74C90700BCA2C3 /* LaunchScreen.xib in Resources */,
				DB5D57A01B74C90700BCA2C3 /* Images.xcassets in Resources */,
			);
			runOnlyForDeploymentPostprocessing = 0;
		};
		DB5D57A61B74C90700BCA2C3 /* Resources */ = {
			isa = PBXResourcesBuildPhase;
			buildActionMask = 2147483647;
			files = (
			);
			runOnlyForDeploymentPostprocessing = 0;
		};
/* End PBXResourcesBuildPhase section */

/* Begin PBXSourcesBuildPhase section */
		DB5D578A1B74C90700BCA2C3 /* Sources */ = {
			isa = PBXSourcesBuildPhase;
			buildActionMask = 2147483647;
			files = (
				DB80044D1B75097200A7F5FB /* ItineraryViewController.swift in Sources */,
				DB2FD92B1B7813CB00236FCC /* StopsHeaderView.swift in Sources */,
				DB5D57941B74C90700BCA2C3 /* AppDelegate.swift in Sources */,
				DBEB212A1B74D9F3001F17E5 /* ManagedObject.swift in Sources */,
				DB5D57BD1B74D7F600BCA2C3 /* Itinerary.swift in Sources */,
				DBEB212E1B74EB85001F17E5 /* Stop.swift in Sources */,
				DB4081441B7625E300AA8BB7 /* StopsTableViewController.swift in Sources */,
				DBDE05171B77F48C007B599A /* LocationCell.swift in Sources */,
				DB5D57BA1B74D51800BCA2C3 /* Protocols.swift in Sources */,
				DB5D57971B74C90700BCA2C3 /* here.xcdatamodeld in Sources */,
				DB5D57991B74C90700BCA2C3 /* MasterViewController.swift in Sources */,
				DB310BA61B7A08EB00EFDC76 /* StopAnnotation.swift in Sources */,
				DB5D579B1B74C90700BCA2C3 /* DetailViewController.swift in Sources */,
				DB310BA81B7B3F5A00EFDC76 /* Extensions.swift in Sources */,
			);
			runOnlyForDeploymentPostprocessing = 0;
		};
		DB5D57A41B74C90700BCA2C3 /* Sources */ = {
			isa = PBXSourcesBuildPhase;
			buildActionMask = 2147483647;
			files = (
				DB5D57AF1B74C90700BCA2C3 /* hereTests.swift in Sources */,
			);
			runOnlyForDeploymentPostprocessing = 0;
		};
/* End PBXSourcesBuildPhase section */

/* Begin PBXTargetDependency section */
		DB5D57AA1B74C90700BCA2C3 /* PBXTargetDependency */ = {
			isa = PBXTargetDependency;
			target = DB5D578D1B74C90700BCA2C3 /* here */;
			targetProxy = DB5D57A91B74C90700BCA2C3 /* PBXContainerItemProxy */;
		};
/* End PBXTargetDependency section */

/* Begin PBXVariantGroup section */
		DB5D579C1B74C90700BCA2C3 /* Main.storyboard */ = {
			isa = PBXVariantGroup;
			children = (
				DB5D579D1B74C90700BCA2C3 /* Base */,
				DB64CB4D1B7D111F00BE94AB /* en */,
				DB64CB4E1B7D114100BE94AB /* it */,
				DB64CB501B7D114E00BE94AB /* ru */,
			);
			name = Main.storyboard;
			sourceTree = "<group>";
		};
		DB5D57A11B74C90700BCA2C3 /* LaunchScreen.xib */ = {
			isa = PBXVariantGroup;
			children = (
				DB5D57A21B74C90700BCA2C3 /* Base */,
				DB64CB4F1B7D114100BE94AB /* it */,
				DB64CB511B7D114F00BE94AB /* ru */,
			);
			name = LaunchScreen.xib;
			sourceTree = "<group>";
		};
		DB64CB561B7D15BB00BE94AB /* Localizable.strings */ = {
			isa = PBXVariantGroup;
			children = (
				DB64CB551B7D15BB00BE94AB /* Base */,
				DB64CB571B7D15BE00BE94AB /* en */,
				DB64CB581B7D15BF00BE94AB /* it */,
				DB64CB591B7D15C000BE94AB /* ru */,
			);
			name = Localizable.strings;
			sourceTree = "<group>";
		};
/* End PBXVariantGroup section */

/* Begin XCBuildConfiguration section */
		DB5D57B01B74C90700BCA2C3 /* Debug */ = {
			isa = XCBuildConfiguration;
			buildSettings = {
				ALWAYS_SEARCH_USER_PATHS = NO;
				CLANG_CXX_LANGUAGE_STANDARD = "gnu++0x";
				CLANG_CXX_LIBRARY = "libc++";
				CLANG_ENABLE_MODULES = YES;
				CLANG_ENABLE_OBJC_ARC = YES;
				CLANG_WARN_BOOL_CONVERSION = YES;
				CLANG_WARN_CONSTANT_CONVERSION = YES;
				CLANG_WARN_DIRECT_OBJC_ISA_USAGE = YES_ERROR;
				CLANG_WARN_EMPTY_BODY = YES;
				CLANG_WARN_ENUM_CONVERSION = YES;
				CLANG_WARN_INT_CONVERSION = YES;
				CLANG_WARN_OBJC_ROOT_CLASS = YES_ERROR;
				CLANG_WARN_UNREACHABLE_CODE = YES;
				CLANG_WARN__DUPLICATE_METHOD_MATCH = YES;
				"CODE_SIGN_IDENTITY[sdk=iphoneos*]" = "iPhone Developer";
				COPY_PHASE_STRIP = NO;
				DEBUG_INFORMATION_FORMAT = "dwarf-with-dsym";
				ENABLE_STRICT_OBJC_MSGSEND = YES;
				GCC_C_LANGUAGE_STANDARD = gnu99;
				GCC_DYNAMIC_NO_PIC = NO;
				GCC_NO_COMMON_BLOCKS = YES;
				GCC_OPTIMIZATION_LEVEL = 0;
				GCC_PREPROCESSOR_DEFINITIONS = (
					"DEBUG=1",
					"$(inherited)",
				);
				GCC_SYMBOLS_PRIVATE_EXTERN = NO;
				GCC_WARN_64_TO_32_BIT_CONVERSION = YES;
				GCC_WARN_ABOUT_RETURN_TYPE = YES_ERROR;
				GCC_WARN_UNDECLARED_SELECTOR = YES;
				GCC_WARN_UNINITIALIZED_AUTOS = YES_AGGRESSIVE;
				GCC_WARN_UNUSED_FUNCTION = YES;
				GCC_WARN_UNUSED_VARIABLE = YES;
				IPHONEOS_DEPLOYMENT_TARGET = 8.4;
				MTL_ENABLE_DEBUG_INFO = YES;
				ONLY_ACTIVE_ARCH = YES;
				SDKROOT = iphoneos;
				SWIFT_OPTIMIZATION_LEVEL = "-Onone";
				TARGETED_DEVICE_FAMILY = "1,2";
			};
			name = Debug;
		};
		DB5D57B11B74C90700BCA2C3 /* Release */ = {
			isa = XCBuildConfiguration;
			buildSettings = {
				ALWAYS_SEARCH_USER_PATHS = NO;
				CLANG_CXX_LANGUAGE_STANDARD = "gnu++0x";
				CLANG_CXX_LIBRARY = "libc++";
				CLANG_ENABLE_MODULES = YES;
				CLANG_ENABLE_OBJC_ARC = YES;
				CLANG_WARN_BOOL_CONVERSION = YES;
				CLANG_WARN_CONSTANT_CONVERSION = YES;
				CLANG_WARN_DIRECT_OBJC_ISA_USAGE = YES_ERROR;
				CLANG_WARN_EMPTY_BODY = YES;
				CLANG_WARN_ENUM_CONVERSION = YES;
				CLANG_WARN_INT_CONVERSION = YES;
				CLANG_WARN_OBJC_ROOT_CLASS = YES_ERROR;
				CLANG_WARN_UNREACHABLE_CODE = YES;
				CLANG_WARN__DUPLICATE_METHOD_MATCH = YES;
				"CODE_SIGN_IDENTITY[sdk=iphoneos*]" = "iPhone Developer";
				COPY_PHASE_STRIP = NO;
				DEBUG_INFORMATION_FORMAT = "dwarf-with-dsym";
				ENABLE_NS_ASSERTIONS = NO;
				ENABLE_STRICT_OBJC_MSGSEND = YES;
				GCC_C_LANGUAGE_STANDARD = gnu99;
				GCC_NO_COMMON_BLOCKS = YES;
				GCC_WARN_64_TO_32_BIT_CONVERSION = YES;
				GCC_WARN_ABOUT_RETURN_TYPE = YES_ERROR;
				GCC_WARN_UNDECLARED_SELECTOR = YES;
				GCC_WARN_UNINITIALIZED_AUTOS = YES_AGGRESSIVE;
				GCC_WARN_UNUSED_FUNCTION = YES;
				GCC_WARN_UNUSED_VARIABLE = YES;
				IPHONEOS_DEPLOYMENT_TARGET = 8.4;
				MTL_ENABLE_DEBUG_INFO = NO;
				SDKROOT = iphoneos;
				TARGETED_DEVICE_FAMILY = "1,2";
				VALIDATE_PRODUCT = YES;
			};
			name = Release;
		};
		DB5D57B31B74C90700BCA2C3 /* Debug */ = {
			isa = XCBuildConfiguration;
			buildSettings = {
				ASSETCATALOG_COMPILER_APPICON_NAME = AppIcon;
				FRAMEWORK_SEARCH_PATHS = (
					"$(inherited)",
					"/Users/tommasopiazza/Documents/lab/there/build/Debug-iphoneos",
				);
				INFOPLIST_FILE = here/Info.plist;
				LD_RUNPATH_SEARCH_PATHS = "$(inherited) @executable_path/Frameworks";
				PRODUCT_NAME = "$(TARGET_NAME)";
			};
			name = Debug;
		};
		DB5D57B41B74C90700BCA2C3 /* Release */ = {
			isa = XCBuildConfiguration;
			buildSettings = {
				ASSETCATALOG_COMPILER_APPICON_NAME = AppIcon;
				FRAMEWORK_SEARCH_PATHS = (
					"$(inherited)",
					"/Users/tommasopiazza/Documents/lab/there/build/Debug-iphoneos",
				);
				INFOPLIST_FILE = here/Info.plist;
				LD_RUNPATH_SEARCH_PATHS = "$(inherited) @executable_path/Frameworks";
				PRODUCT_NAME = "$(TARGET_NAME)";
			};
			name = Release;
		};
		DB5D57B61B74C90700BCA2C3 /* Debug */ = {
			isa = XCBuildConfiguration;
			buildSettings = {
				BUNDLE_LOADER = "$(TEST_HOST)";
				FRAMEWORK_SEARCH_PATHS = (
					"$(SDKROOT)/Developer/Library/Frameworks",
					"$(inherited)",
				);
				GCC_PREPROCESSOR_DEFINITIONS = (
					"DEBUG=1",
					"$(inherited)",
				);
				INFOPLIST_FILE = hereTests/Info.plist;
				LD_RUNPATH_SEARCH_PATHS = "$(inherited) @executable_path/Frameworks @loader_path/Frameworks";
				PRODUCT_NAME = "$(TARGET_NAME)";
				TEST_HOST = "$(BUILT_PRODUCTS_DIR)/here.app/here";
			};
			name = Debug;
		};
		DB5D57B71B74C90700BCA2C3 /* Release */ = {
			isa = XCBuildConfiguration;
			buildSettings = {
				BUNDLE_LOADER = "$(TEST_HOST)";
				FRAMEWORK_SEARCH_PATHS = (
					"$(SDKROOT)/Developer/Library/Frameworks",
					"$(inherited)",
				);
				INFOPLIST_FILE = hereTests/Info.plist;
				LD_RUNPATH_SEARCH_PATHS = "$(inherited) @executable_path/Frameworks @loader_path/Frameworks";
				PRODUCT_NAME = "$(TARGET_NAME)";
				TEST_HOST = "$(BUILT_PRODUCTS_DIR)/here.app/here";
			};
			name = Release;
		};
/* End XCBuildConfiguration section */

/* Begin XCConfigurationList section */
		DB5D57891B74C90700BCA2C3 /* Build configuration list for PBXProject "here" */ = {
			isa = XCConfigurationList;
			buildConfigurations = (
				DB5D57B01B74C90700BCA2C3 /* Debug */,
				DB5D57B11B74C90700BCA2C3 /* Release */,
			);
			defaultConfigurationIsVisible = 0;
			defaultConfigurationName = Release;
		};
		DB5D57B21B74C90700BCA2C3 /* Build configuration list for PBXNativeTarget "here" */ = {
			isa = XCConfigurationList;
			buildConfigurations = (
				DB5D57B31B74C90700BCA2C3 /* Debug */,
				DB5D57B41B74C90700BCA2C3 /* Release */,
			);
			defaultConfigurationIsVisible = 0;
			defaultConfigurationName = Release;
		};
		DB5D57B51B74C90700BCA2C3 /* Build configuration list for PBXNativeTarget "hereTests" */ = {
			isa = XCConfigurationList;
			buildConfigurations = (
				DB5D57B61B74C90700BCA2C3 /* Debug */,
				DB5D57B71B74C90700BCA2C3 /* Release */,
			);
			defaultConfigurationIsVisible = 0;
			defaultConfigurationName = Release;
		};
/* End XCConfigurationList section */

/* Begin XCVersionGroup section */
		DB5D57951B74C90700BCA2C3 /* here.xcdatamodeld */ = {
			isa = XCVersionGroup;
			children = (
				DB5D57961B74C90700BCA2C3 /* here.xcdatamodel */,
			);
			currentVersion = DB5D57961B74C90700BCA2C3 /* here.xcdatamodel */;
			path = here.xcdatamodeld;
			sourceTree = "<group>";
			versionGroupType = wrapper.xcdatamodel;
		};
/* End XCVersionGroup section */
	};
	rootObject = DB5D57861B74C90700BCA2C3 /* Project object */;
}
